# This file is automatically @generated by Cargo.
# It is not intended for manual editing.
version = 4

[[package]]
name = "libc"
version = "0.2.189"
source = "registry+https://github.com/rust-lang/crates.io-index"
checksum = "3eaf3ede3fee6db1a4c2ee091bf8a8b4dccdc6d17f656fb07896ee72867612f2"

[[package]]
name = "redb"
version = "4.3.0"
dependencies = [
 "libc",
]

[[package]]
name = "wm-agent"
version = "0.1.0"
dependencies = [
 "wm-core",
 "wm-query",
 "wm-resolution",
 "wm-storage",
 "wm-temporal",
]

[[package]]
name = "wm-bench"
version = "0.1.0"
dependencies = [
 "wm-core",
 "wm-graph",
 "wm-query",
 "wm-resolution",
]

[[package]]
name = "wm-catalog"
version = "0.1.0"
dependencies = [
 "wm-core",
]

[[package]]
name = "wm-cli"
version = "0.1.0"
dependencies = [
 "wm-agent",
 "wm-core",
 "wm-graph",
 "wm-ingest",
 "wm-query",
 "wm-resolution",
]

[[package]]
name = "wm-core"
version = "0.1.0"

[[package]]
name = "wm-graph"
version = "0.1.0"
dependencies = [
 "wm-core",
 "wm-storage",
 "wm-temporal",
]

[[package]]
name = "wm-ingest"
version = "0.1.0"

[[package]]
name = "wm-ontology"
version = "0.1.0"
dependencies = [
 "wm-core",
 "wm-storage",
 "wm-temporal",
]

[[package]]
name = "wm-query"
version = "0.1.0"
dependencies = [
 "wm-core",
 "wm-graph",
 "wm-storage",
 "wm-temporal",
]

[[package]]
name = "wm-resolution"
version = "0.1.0"
dependencies = [
 "wm-catalog",
 "wm-core",
 "wm-ontology",
 "wm-storage",
 "wm-temporal",
]

[[package]]
name = "wm-server"
version = "0.1.0"
dependencies = [
 "wm-agent",
 "wm-core",
 "wm-graph",
 "wm-ingest",
 "wm-ontology",
 "wm-query",
 "wm-resolution",
]

[[package]]
name = "wm-storage"
version = "0.1.0"
dependencies = [
 "redb",
 "wm-core",
]

[[package]]
name = "wm-temporal"
version = "0.1.0"
